
Microsoft Visual Studio Solution File, Format Version 12.00
# Visual Studio Version 17
VisualStudioVersion = 17.4.33213.308
MinimumVisualStudioVersion = 10.0.40219.1
Project("{FAE04EC0-301F-11D3-BF4B-00C04F79EFBC}") = "LibraryManagement", "LibraryManagement\LibraryManagement.csproj", "{06ED0B72-1DF1-47E6-AA08-7092952EE54B}"
EndProject
Global
	GlobalSection(SolutionConfigurationPlatforms) = preSolution
		Debug|Any CPU = Debug|Any CPU
		Release|Any CPU = Release|Any CPU
	EndGlobalSection
	GlobalSection(ProjectConfigurationPlatforms) = postSolution
		{06ED0B72-1DF1-47E6-AA08-7092952EE54B}.Debug|Any CPU.ActiveCfg = Debug|Any CPU
		{06ED0B72-1DF1-47E6-AA08-7092952EE54B}.Debug|Any CPU.Build.0 = Debug|Any CPU
		{06ED0B72-1DF1-47E6-AA08-7092952EE54B}.Release|Any CPU.ActiveCfg = Release|Any CPU
		{06ED0B72-1DF1-47E6-AA08-7092952EE54B}.Release|Any CPU.Build.0 = Release|Any CPU
	EndGlobalSection
	GlobalSection(SolutionProperties) = preSolution
		HideSolutionNode = FALSE
	EndGlobalSection
	GlobalSection(ExtensibilityGlobals) = postSolution
		SolutionGuid = {87B03B76-E029-48AE-BF72-2662F86B28A5}
	EndGlobalSection
EndGlobal
